{
  "originHash" : "7031b9362993444c1f5da32db95632c27f0c7072b27a75510fdccfa8e8b6af24",
  "pins" : [
    {
      "identity" : "cotabbyinference",
      "kind" : "remoteSourceControl",
      "location" : "https://github.com/FuJacob/cotabbyinference.git",
      "state" : {
        "branch" : "main",
        "revision" : "662df9f1b71b900231629171572181806bd2fa36"
      }
    },
    {
      "identity" : "sparkle",
      "kind" : "remoteSourceControl",
      "location" : "https://github.com/sparkle-project/Sparkle",
      "state" : {
        "revision" : "066e75a8b3e99962685d6a90cdd5293ebffd9261",
        "version" : "2.9.1"
      }
    },
    {
      "identity" : "swift-log",
      "kind" : "remoteSourceControl",
      "location" : "https://github.com/apple/swift-log.git",
      "state" : {
        "revision" : "a012e0ad8a8a72de92b0e008c81a9b793f70e73a",
        "version" : "1.12.1"
      }
    }
  ],
  "version" : 3
}
