// !$*UTF8*$!
{
	archiveVersion = 1;
	classes = {
	};
	objectVersion = 77;
	objects = {

/* Begin PBXBuildFile section */
		194B33B32FC3F33B00DF6F60 /* InMemoryLogging in Frameworks */ = {isa = PBXBuildFile; productRef = 194B33B22FC3F33B00DF6F60 /* InMemoryLogging */; };
		194B33B52FC3F33B00DF6F60 /* Logging in Frameworks */ = {isa = PBXBuildFile; productRef = 194B33B42FC3F33B00DF6F60 /* Logging */; };
		19E177EA2FC1B7890067E267 /* CotabbyInference in Frameworks */ = {isa = PBXBuildFile; productRef = 19E177E92FC1B7890067E267 /* CotabbyInference */; };
		8B6282F0C1CCA0746D96B914 /* DownloadOutcomeClassifierTests.swift in Sources */ = {isa = PBXBuildFile; fileRef = 562F89255AF340C15A0554BE /* DownloadOutcomeClassifierTests.swift */; };
		A1C3E0112F90000100AAA001 /* Sparkle in Frameworks */ = {isa = PBXBuildFile; productRef = A1C3E0102F90000100AAA001 /* Sparkle */; };
		A404828463CADB2ECDAE7AF3 /* LlamaPromptRendererTests.swift in Sources */ = {isa = PBXBuildFile; fileRef = F29623C5C0A67B992D383A3C /* LlamaPromptRendererTests.swift */; };
		ADEFEE12C197DB6C990E3812 /* SuggestionRequestFactoryTests.swift in Sources */ = {isa = PBXBuildFile; fileRef = 8B1121FFDAD30C7F62E15289 /* SuggestionRequestFactoryTests.swift */; };
		AF0F4C853CCA8B86BB5E28CD /* ModelFileValidatorTests.swift in Sources */ = {isa = PBXBuildFile; fileRef = F9D35DB9E86506B9FAE1CFE9 /* ModelFileValidatorTests.swift */; };
		B053492719F6106E48290C32 /* SuggestionAvailabilityEvaluatorTests.swift in Sources */ = {isa = PBXBuildFile; fileRef = 5A39EC1A44E9160E13E2AE77 /* SuggestionAvailabilityEvaluatorTests.swift */; };
		B5788B37B93AFEC10EFD3108 /* DownloadFileRescuerTests.swift in Sources */ = {isa = PBXBuildFile; fileRef = BAAEE25772008D75883F2655 /* DownloadFileRescuerTests.swift */; };
		C10000012F91000100BBB001 /* CotabbyTestFixtures.swift in Sources */ = {isa = PBXBuildFile; fileRef = C10000112F91000100BBB011 /* CotabbyTestFixtures.swift */; };
		C10000022F91000100BBB002 /* SuggestionTextNormalizerTests.swift in Sources */ = {isa = PBXBuildFile; fileRef = C10000122F91000100BBB012 /* SuggestionTextNormalizerTests.swift */; };
		C10000032F91000100BBB003 /* SuggestionSessionReconcilerTests.swift in Sources */ = {isa = PBXBuildFile; fileRef = C10000132F91000100BBB013 /* SuggestionSessionReconcilerTests.swift */; };
		C10000042F91000100BBB004 /* FocusCapabilityResolverTests.swift in Sources */ = {isa = PBXBuildFile; fileRef = C10000142F91000100BBB014 /* FocusCapabilityResolverTests.swift */; };
		C10000052F91000100BBB005 /* PromptPolicyTests.swift in Sources */ = {isa = PBXBuildFile; fileRef = C10000152F91000100BBB015 /* PromptPolicyTests.swift */; };
		C10000062F91000100BBB006 /* ModelAndPresentationValueTests.swift in Sources */ = {isa = PBXBuildFile; fileRef = C10000162F91000100BBB016 /* ModelAndPresentationValueTests.swift */; };
		C10000072F91000100BBB007 /* SuggestionStateHelperTests.swift in Sources */ = {isa = PBXBuildFile; fileRef = C10000172F91000100BBB017 /* SuggestionStateHelperTests.swift */; };
		C10000312F91000100BBB031 /* CustomRulesTests.swift in Sources */ = {isa = PBXBuildFile; fileRef = C10000302F91000100BBB030 /* CustomRulesTests.swift */; };
		D10000012F92000100CCC001 /* TerminalAppDetectorTests.swift in Sources */ = {isa = PBXBuildFile; fileRef = D10000112F92000100CCC011 /* TerminalAppDetectorTests.swift */; };
		E10000012F93000100DDD001 /* PromptContextSanitizerTests.swift in Sources */ = {isa = PBXBuildFile; fileRef = E10000112F93000100DDD011 /* PromptContextSanitizerTests.swift */; };
		E10000022F93000100DDD002 /* PermissionAndContextModelTests.swift in Sources */ = {isa = PBXBuildFile; fileRef = E10000122F93000100DDD012 /* PermissionAndContextModelTests.swift */; };
		E10000032F93000100DDD003 /* GhostSuggestionLayoutTests.swift in Sources */ = {isa = PBXBuildFile; fileRef = E10000132F93000100DDD013 /* GhostSuggestionLayoutTests.swift */; };
		E10000042F93000100DDD004 /* BundledRuntimeLocatorTests.swift in Sources */ = {isa = PBXBuildFile; fileRef = E10000142F93000100DDD014 /* BundledRuntimeLocatorTests.swift */; };
		E10000052F93000100DDD005 /* DisplayCoordinateConverterTests.swift in Sources */ = {isa = PBXBuildFile; fileRef = E10000152F93000100DDD015 /* DisplayCoordinateConverterTests.swift */; };
		F10000012FA0000100EEE001 /* TextDirectionDetectorTests.swift in Sources */ = {isa = PBXBuildFile; fileRef = F10000112FA0000100EEE011 /* TextDirectionDetectorTests.swift */; };
		G10000012FB0000100FFF001 /* WordCountFormatterTests.swift in Sources */ = {isa = PBXBuildFile; fileRef = G10000112FB0000100FFF011 /* WordCountFormatterTests.swift */; };
		G10000022FB0000100FFF002 /* ClipboardContentDistillerTests.swift in Sources */ = {isa = PBXBuildFile; fileRef = G10000122FB0000100FFF012 /* ClipboardContentDistillerTests.swift */; };
		G20000012FB0000100FFF001 /* ClipboardRelevanceFilterTests.swift in Sources */ = {isa = PBXBuildFile; fileRef = G20000112FB0000100FFF011 /* ClipboardRelevanceFilterTests.swift */; };
/* End PBXBuildFile section */

/* Begin PBXContainerItemProxy section */
		E973E5B467F19C10FF50C9C0 /* PBXContainerItemProxy */ = {
			isa = PBXContainerItemProxy;
			containerPortal = 193741412F81DE7000BEC04F /* Project object */;
			proxyType = 1;
			remoteGlobalIDString = 193741482F81DE7000BEC04F;
			remoteInfo = Cotabby;
		};
/* End PBXContainerItemProxy section */

/* Begin PBXFileReference section */
		193741492F81DE7000BEC04F /* Cotabby.app */ = {isa = PBXFileReference; explicitFileType = wrapper.application; includeInIndex = 0; path = Cotabby.app; sourceTree = BUILT_PRODUCTS_DIR; };
		3FBFA92FA44AA317135426FB /* CotabbyTests.xctest */ = {isa = PBXFileReference; explicitFileType = wrapper.cfbundle; includeInIndex = 0; path = CotabbyTests.xctest; sourceTree = BUILT_PRODUCTS_DIR; };
		562F89255AF340C15A0554BE /* DownloadOutcomeClassifierTests.swift */ = {isa = PBXFileReference; includeInIndex = 1; lastKnownFileType = sourcecode.swift; path = DownloadOutcomeClassifierTests.swift; sourceTree = "<group>"; };
		5A39EC1A44E9160E13E2AE77 /* SuggestionAvailabilityEvaluatorTests.swift */ = {isa = PBXFileReference; includeInIndex = 1; lastKnownFileType = sourcecode.swift; path = SuggestionAvailabilityEvaluatorTests.swift; sourceTree = "<group>"; };
		8B1121FFDAD30C7F62E15289 /* SuggestionRequestFactoryTests.swift */ = {isa = PBXFileReference; includeInIndex = 1; lastKnownFileType = sourcecode.swift; path = SuggestionRequestFactoryTests.swift; sourceTree = "<group>"; };
		BAAEE25772008D75883F2655 /* DownloadFileRescuerTests.swift */ = {isa = PBXFileReference; includeInIndex = 1; lastKnownFileType = sourcecode.swift; path = DownloadFileRescuerTests.swift; sourceTree = "<group>"; };
		C10000112F91000100BBB011 /* CotabbyTestFixtures.swift */ = {isa = PBXFileReference; includeInIndex = 1; lastKnownFileType = sourcecode.swift; path = CotabbyTestFixtures.swift; sourceTree = "<group>"; };
		C10000122F91000100BBB012 /* SuggestionTextNormalizerTests.swift */ = {isa = PBXFileReference; includeInIndex = 1; lastKnownFileType = sourcecode.swift; path = SuggestionTextNormalizerTests.swift; sourceTree = "<group>"; };
		C10000132F91000100BBB013 /* SuggestionSessionReconcilerTests.swift */ = {isa = PBXFileReference; includeInIndex = 1; lastKnownFileType = sourcecode.swift; path = SuggestionSessionReconcilerTests.swift; sourceTree = "<group>"; };
		C10000142F91000100BBB014 /* FocusCapabilityResolverTests.swift */ = {isa = PBXFileReference; includeInIndex = 1; lastKnownFileType = sourcecode.swift; path = FocusCapabilityResolverTests.swift; sourceTree = "<group>"; };
		C10000152F91000100BBB015 /* PromptPolicyTests.swift */ = {isa = PBXFileReference; includeInIndex = 1; lastKnownFileType = sourcecode.swift; path = PromptPolicyTests.swift; sourceTree = "<group>"; };
		C10000162F91000100BBB016 /* ModelAndPresentationValueTests.swift */ = {isa = PBXFileReference; includeInIndex = 1; lastKnownFileType = sourcecode.swift; path = ModelAndPresentationValueTests.swift; sourceTree = "<group>"; };
		C10000172F91000100BBB017 /* SuggestionStateHelperTests.swift */ = {isa = PBXFileReference; includeInIndex = 1; lastKnownFileType = sourcecode.swift; path = SuggestionStateHelperTests.swift; sourceTree = "<group>"; };
		C10000302F91000100BBB030 /* CustomRulesTests.swift */ = {isa = PBXFileReference; includeInIndex = 1; lastKnownFileType = sourcecode.swift; path = CustomRulesTests.swift; sourceTree = "<group>"; };
		D10000112F92000100CCC011 /* TerminalAppDetectorTests.swift */ = {isa = PBXFileReference; includeInIndex = 1; lastKnownFileType = sourcecode.swift; path = TerminalAppDetectorTests.swift; sourceTree = "<group>"; };
		E10000112F93000100DDD011 /* PromptContextSanitizerTests.swift */ = {isa = PBXFileReference; includeInIndex = 1; lastKnownFileType = sourcecode.swift; path = PromptContextSanitizerTests.swift; sourceTree = "<group>"; };
		E10000122F93000100DDD012 /* PermissionAndContextModelTests.swift */ = {isa = PBXFileReference; includeInIndex = 1; lastKnownFileType = sourcecode.swift; path = PermissionAndContextModelTests.swift; sourceTree = "<group>"; };
		E10000132F93000100DDD013 /* GhostSuggestionLayoutTests.swift */ = {isa = PBXFileReference; includeInIndex = 1; lastKnownFileType = sourcecode.swift; path = GhostSuggestionLayoutTests.swift; sourceTree = "<group>"; };
		E10000142F93000100DDD014 /* BundledRuntimeLocatorTests.swift */ = {isa = PBXFileReference; includeInIndex = 1; lastKnownFileType = sourcecode.swift; path = BundledRuntimeLocatorTests.swift; sourceTree = "<group>"; };
		E10000152F93000100DDD015 /* DisplayCoordinateConverterTests.swift */ = {isa = PBXFileReference; includeInIndex = 1; lastKnownFileType = sourcecode.swift; path = DisplayCoordinateConverterTests.swift; sourceTree = "<group>"; };
		F10000112FA0000100EEE011 /* TextDirectionDetectorTests.swift */ = {isa = PBXFileReference; includeInIndex = 1; lastKnownFileType = sourcecode.swift; path = TextDirectionDetectorTests.swift; sourceTree = "<group>"; };
		F29623C5C0A67B992D383A3C /* LlamaPromptRendererTests.swift */ = {isa = PBXFileReference; includeInIndex = 1; lastKnownFileType = sourcecode.swift; path = LlamaPromptRendererTests.swift; sourceTree = "<group>"; };
		F9D35DB9E86506B9FAE1CFE9 /* ModelFileValidatorTests.swift */ = {isa = PBXFileReference; includeInIndex = 1; lastKnownFileType = sourcecode.swift; path = ModelFileValidatorTests.swift; sourceTree = "<group>"; };
		G10000112FB0000100FFF011 /* WordCountFormatterTests.swift */ = {isa = PBXFileReference; includeInIndex = 1; lastKnownFileType = sourcecode.swift; path = WordCountFormatterTests.swift; sourceTree = "<group>"; };
		G10000122FB0000100FFF012 /* ClipboardContentDistillerTests.swift */ = {isa = PBXFileReference; includeInIndex = 1; lastKnownFileType = sourcecode.swift; path = ClipboardContentDistillerTests.swift; sourceTree = "<group>"; };
		G20000112FB0000100FFF011 /* ClipboardRelevanceFilterTests.swift */ = {isa = PBXFileReference; includeInIndex = 1; lastKnownFileType = sourcecode.swift; path = ClipboardRelevanceFilterTests.swift; sourceTree = "<group>"; };
/* End PBXFileReference section */

/* Begin PBXFileSystemSynchronizedRootGroup section */
		1937414B2F81DE7000BEC04F /* Cotabby */ = {
			isa = PBXFileSystemSynchronizedRootGroup;
			path = Cotabby;
			sourceTree = "<group>";
		};
/* End PBXFileSystemSynchronizedRootGroup section */

/* Begin PBXFrameworksBuildPhase section */
		193741462F81DE7000BEC04F /* Frameworks */ = {
			isa = PBXFrameworksBuildPhase;
			buildActionMask = 2147483647;
			files = (
				A1C3E0112F90000100AAA001 /* Sparkle in Frameworks */,
				194B33B32FC3F33B00DF6F60 /* InMemoryLogging in Frameworks */,
				194B33B52FC3F33B00DF6F60 /* Logging in Frameworks */,
				19E177EA2FC1B7890067E267 /* CotabbyInference in Frameworks */,
			);
			runOnlyForDeploymentPostprocessing = 0;
		};
		9C0C286AC971FE1F5AB12DB8 /* Frameworks */ = {
			isa = PBXFrameworksBuildPhase;
			buildActionMask = 2147483647;
			files = (
			);
			runOnlyForDeploymentPostprocessing = 0;
		};
/* End PBXFrameworksBuildPhase section */

/* Begin PBXGroup section */
		193741402F81DE7000BEC04F = {
			isa = PBXGroup;
			children = (
				1937414B2F81DE7000BEC04F /* Cotabby */,
				1937414A2F81DE7000BEC04F /* Products */,
				38079AF58386B5C2E9373742 /* CotabbyTests */,
			);
			sourceTree = "<group>";
		};
		1937414A2F81DE7000BEC04F /* Products */ = {
			isa = PBXGroup;
			children = (
				193741492F81DE7000BEC04F /* Cotabby.app */,
				3FBFA92FA44AA317135426FB /* CotabbyTests.xctest */,
			);
			name = Products;
			sourceTree = "<group>";
		};
		38079AF58386B5C2E9373742 /* CotabbyTests */ = {
			isa = PBXGroup;
			children = (
				C10000112F91000100BBB011 /* CotabbyTestFixtures.swift */,
				F29623C5C0A67B992D383A3C /* LlamaPromptRendererTests.swift */,
				C10000302F91000100BBB030 /* CustomRulesTests.swift */,
				C10000152F91000100BBB015 /* PromptPolicyTests.swift */,
				5A39EC1A44E9160E13E2AE77 /* SuggestionAvailabilityEvaluatorTests.swift */,
				8B1121FFDAD30C7F62E15289 /* SuggestionRequestFactoryTests.swift */,
				C10000122F91000100BBB012 /* SuggestionTextNormalizerTests.swift */,
				C10000132F91000100BBB013 /* SuggestionSessionReconcilerTests.swift */,
				C10000172F91000100BBB017 /* SuggestionStateHelperTests.swift */,
				C10000142F91000100BBB014 /* FocusCapabilityResolverTests.swift */,
				C10000162F91000100BBB016 /* ModelAndPresentationValueTests.swift */,
				562F89255AF340C15A0554BE /* DownloadOutcomeClassifierTests.swift */,
				F9D35DB9E86506B9FAE1CFE9 /* ModelFileValidatorTests.swift */,
				BAAEE25772008D75883F2655 /* DownloadFileRescuerTests.swift */,
				D10000112F92000100CCC011 /* TerminalAppDetectorTests.swift */,
				E10000112F93000100DDD011 /* PromptContextSanitizerTests.swift */,
				E10000122F93000100DDD012 /* PermissionAndContextModelTests.swift */,
				E10000132F93000100DDD013 /* GhostSuggestionLayoutTests.swift */,
				E10000142F93000100DDD014 /* BundledRuntimeLocatorTests.swift */,
				E10000152F93000100DDD015 /* DisplayCoordinateConverterTests.swift */,
				F10000112FA0000100EEE011 /* TextDirectionDetectorTests.swift */,
				G20000112FB0000100FFF011 /* ClipboardRelevanceFilterTests.swift */,
				G10000122FB0000100FFF012 /* ClipboardContentDistillerTests.swift */,
				G10000112FB0000100FFF011 /* WordCountFormatterTests.swift */,
			);
			path = CotabbyTests;
			sourceTree = "<group>";
		};
/* End PBXGroup section */

/* Begin PBXNativeTarget section */
		193741482F81DE7000BEC04F /* Cotabby */ = {
			isa = PBXNativeTarget;
			buildConfigurationList = 193741542F81DE7200BEC04F /* Build configuration list for PBXNativeTarget "Cotabby" */;
			buildPhases = (
				193741452F81DE7000BEC04F /* Sources */,
				193741462F81DE7000BEC04F /* Frameworks */,
				193741472F81DE7000BEC04F /* Resources */,
			);
			buildRules = (
			);
			dependencies = (
			);
			fileSystemSynchronizedGroups = (
				1937414B2F81DE7000BEC04F /* Cotabby */,
			);
			name = Cotabby;
			packageProductDependencies = (
				A1C3E0102F90000100AAA001 /* Sparkle */,
				19E177E92FC1B7890067E267 /* CotabbyInference */,
				194B33B22FC3F33B00DF6F60 /* InMemoryLogging */,
				194B33B42FC3F33B00DF6F60 /* Logging */,
			);
			productName = Cotabby;
			productReference = 193741492F81DE7000BEC04F /* Cotabby.app */;
			productType = "com.apple.product-type.application";
		};
		FA14279AECE62FBF1162F537 /* CotabbyTests */ = {
			isa = PBXNativeTarget;
			buildConfigurationList = C2F70348176E20D09A554097 /* Build configuration list for PBXNativeTarget "CotabbyTests" */;
			buildPhases = (
				A3C5DA8F3C631E089F2C6671 /* Sources */,
				9C0C286AC971FE1F5AB12DB8 /* Frameworks */,
				2E6FFFE4DB09561F83FE186D /* Resources */,
			);
			buildRules = (
			);
			dependencies = (
				1611518BB70BEEF01D2401F8 /* PBXTargetDependency */,
			);
			name = CotabbyTests;
			productName = CotabbyTests;
			productReference = 3FBFA92FA44AA317135426FB /* CotabbyTests.xctest */;
			productType = "com.apple.product-type.bundle.unit-test";
		};
/* End PBXNativeTarget section */

/* Begin PBXProject section */
		193741412F81DE7000BEC04F /* Project object */ = {
			isa = PBXProject;
			attributes = {
				BuildIndependentTargetsInParallel = 1;
				LastSwiftUpdateCheck = 2600;
				LastUpgradeCheck = 2600;
				TargetAttributes = {
					193741482F81DE7000BEC04F = {
						CreatedOnToolsVersion = 26.0.1;
					};
				};
			};
			buildConfigurationList = 193741442F81DE7000BEC04F /* Build configuration list for PBXProject "Cotabby" */;
			developmentRegion = en;
			hasScannedForEncodings = 0;
			knownRegions = (
				en,
				Base,
			);
			mainGroup = 193741402F81DE7000BEC04F;
			minimizedProjectReferenceProxies = 1;
			packageReferences = (
				A1C3E0122F90000100AAA001 /* XCRemoteSwiftPackageReference "Sparkle" */,
				19E177E82FC1B7890067E267 /* XCRemoteSwiftPackageReference "cotabbyinference" */,
				194B33B12FC3F33B00DF6F60 /* XCRemoteSwiftPackageReference "swift-log" */,
			);
			preferredProjectObjectVersion = 77;
			productRefGroup = 1937414A2F81DE7000BEC04F /* Products */;
			projectDirPath = "";
			projectRoot = "";
			targets = (
				193741482F81DE7000BEC04F /* Cotabby */,
				FA14279AECE62FBF1162F537 /* CotabbyTests */,
			);
		};
/* End PBXProject section */

/* Begin PBXResourcesBuildPhase section */
		193741472F81DE7000BEC04F /* Resources */ = {
			isa = PBXResourcesBuildPhase;
			buildActionMask = 2147483647;
			files = (
			);
			runOnlyForDeploymentPostprocessing = 0;
		};
		2E6FFFE4DB09561F83FE186D /* Resources */ = {
			isa = PBXResourcesBuildPhase;
			buildActionMask = 2147483647;
			files = (
			);
			runOnlyForDeploymentPostprocessing = 0;
		};
/* End PBXResourcesBuildPhase section */

/* Begin PBXSourcesBuildPhase section */
		193741452F81DE7000BEC04F /* Sources */ = {
			isa = PBXSourcesBuildPhase;
			buildActionMask = 2147483647;
			files = (
			);
			runOnlyForDeploymentPostprocessing = 0;
		};
		A3C5DA8F3C631E089F2C6671 /* Sources */ = {
			isa = PBXSourcesBuildPhase;
			buildActionMask = 2147483647;
			files = (
				A404828463CADB2ECDAE7AF3 /* LlamaPromptRendererTests.swift in Sources */,
				C10000312F91000100BBB031 /* CustomRulesTests.swift in Sources */,
				B053492719F6106E48290C32 /* SuggestionAvailabilityEvaluatorTests.swift in Sources */,
				ADEFEE12C197DB6C990E3812 /* SuggestionRequestFactoryTests.swift in Sources */,
				C10000022F91000100BBB002 /* SuggestionTextNormalizerTests.swift in Sources */,
				C10000032F91000100BBB003 /* SuggestionSessionReconcilerTests.swift in Sources */,
				C10000072F91000100BBB007 /* SuggestionStateHelperTests.swift in Sources */,
				C10000042F91000100BBB004 /* FocusCapabilityResolverTests.swift in Sources */,
				C10000052F91000100BBB005 /* PromptPolicyTests.swift in Sources */,
				C10000062F91000100BBB006 /* ModelAndPresentationValueTests.swift in Sources */,
				C10000012F91000100BBB001 /* CotabbyTestFixtures.swift in Sources */,
				8B6282F0C1CCA0746D96B914 /* DownloadOutcomeClassifierTests.swift in Sources */,
				AF0F4C853CCA8B86BB5E28CD /* ModelFileValidatorTests.swift in Sources */,
				B5788B37B93AFEC10EFD3108 /* DownloadFileRescuerTests.swift in Sources */,
				D10000012F92000100CCC001 /* TerminalAppDetectorTests.swift in Sources */,
				E10000012F93000100DDD001 /* PromptContextSanitizerTests.swift in Sources */,
				E10000022F93000100DDD002 /* PermissionAndContextModelTests.swift in Sources */,
				E10000032F93000100DDD003 /* GhostSuggestionLayoutTests.swift in Sources */,
				E10000042F93000100DDD004 /* BundledRuntimeLocatorTests.swift in Sources */,
				E10000052F93000100DDD005 /* DisplayCoordinateConverterTests.swift in Sources */,
				F10000012FA0000100EEE001 /* TextDirectionDetectorTests.swift in Sources */,
				G20000012FB0000100FFF001 /* ClipboardRelevanceFilterTests.swift in Sources */,
				G10000022FB0000100FFF002 /* ClipboardContentDistillerTests.swift in Sources */,
				G10000012FB0000100FFF001 /* WordCountFormatterTests.swift in Sources */,
			);
			runOnlyForDeploymentPostprocessing = 0;
		};
/* End PBXSourcesBuildPhase section */

/* Begin PBXTargetDependency section */
		1611518BB70BEEF01D2401F8 /* PBXTargetDependency */ = {
			isa = PBXTargetDependency;
			name = Cotabby;
			target = 193741482F81DE7000BEC04F /* Cotabby */;
			targetProxy = E973E5B467F19C10FF50C9C0 /* PBXContainerItemProxy */;
		};
/* End PBXTargetDependency section */

/* Begin XCBuildConfiguration section */
		193741522F81DE7200BEC04F /* Debug */ = {
			isa = XCBuildConfiguration;
			buildSettings = {
				ALWAYS_SEARCH_USER_PATHS = NO;
				ASSETCATALOG_COMPILER_GENERATE_SWIFT_ASSET_SYMBOL_EXTENSIONS = YES;
				CLANG_ANALYZER_NONNULL = YES;
				CLANG_ANALYZER_NUMBER_OBJECT_CONVERSION = YES_AGGRESSIVE;
				CLANG_CXX_LANGUAGE_STANDARD = "gnu++20";
				CLANG_ENABLE_MODULES = YES;
				CLANG_ENABLE_OBJC_ARC = YES;
				CLANG_ENABLE_OBJC_WEAK = YES;
				CLANG_WARN_BLOCK_CAPTURE_AUTORELEASING = YES;
				CLANG_WARN_BOOL_CONVERSION = YES;
				CLANG_WARN_COMMA = YES;
				CLANG_WARN_CONSTANT_CONVERSION = YES;
				CLANG_WARN_DEPRECATED_OBJC_IMPLEMENTATIONS = YES;
				CLANG_WARN_DIRECT_OBJC_ISA_USAGE = YES_ERROR;
				CLANG_WARN_DOCUMENTATION_COMMENTS = YES;
				CLANG_WARN_EMPTY_BODY = YES;
				CLANG_WARN_ENUM_CONVERSION = YES;
				CLANG_WARN_INFINITE_RECURSION = YES;
				CLANG_WARN_INT_CONVERSION = YES;
				CLANG_WARN_NON_LITERAL_NULL_CONVERSION = YES;
				CLANG_WARN_OBJC_IMPLICIT_RETAIN_SELF = YES;
				CLANG_WARN_OBJC_LITERAL_CONVERSION = YES;
				CLANG_WARN_OBJC_ROOT_CLASS = YES_ERROR;
				CLANG_WARN_QUOTED_INCLUDE_IN_FRAMEWORK_HEADER = YES;
				CLANG_WARN_RANGE_LOOP_ANALYSIS = YES;
				CLANG_WARN_STRICT_PROTOTYPES = YES;
				CLANG_WARN_SUSPICIOUS_MOVE = YES;
				CLANG_WARN_UNGUARDED_AVAILABILITY = YES_AGGRESSIVE;
				CLANG_WARN_UNREACHABLE_CODE = YES;
				CLANG_WARN__DUPLICATE_METHOD_MATCH = YES;
				COPY_PHASE_STRIP = NO;
				DEBUG_INFORMATION_FORMAT = dwarf;
				DEVELOPMENT_TEAM = G946M8K23B;
				ENABLE_STRICT_OBJC_MSGSEND = YES;
				ENABLE_TESTABILITY = YES;
				ENABLE_USER_SCRIPT_SANDBOXING = YES;
				GCC_C_LANGUAGE_STANDARD = gnu17;
				GCC_DYNAMIC_NO_PIC = NO;
				GCC_NO_COMMON_BLOCKS = YES;
				GCC_OPTIMIZATION_LEVEL = 0;
				GCC_PREPROCESSOR_DEFINITIONS = (
					"DEBUG=1",
					"$(inherited)",
				);
				GCC_WARN_64_TO_32_BIT_CONVERSION = YES;
				GCC_WARN_ABOUT_RETURN_TYPE = YES_ERROR;
				GCC_WARN_UNDECLARED_SELECTOR = YES;
				GCC_WARN_UNINITIALIZED_AUTOS = YES_AGGRESSIVE;
				GCC_WARN_UNUSED_FUNCTION = YES;
				GCC_WARN_UNUSED_VARIABLE = YES;
				LOCALIZATION_PREFERS_STRING_CATALOGS = YES;
				MACOSX_DEPLOYMENT_TARGET = 15.0;
				MTL_ENABLE_DEBUG_INFO = INCLUDE_SOURCE;
				MTL_FAST_MATH = YES;
				ONLY_ACTIVE_ARCH = YES;
				SDKROOT = macosx;
				SWIFT_ACTIVE_COMPILATION_CONDITIONS = "DEBUG $(inherited)";
				SWIFT_OPTIMIZATION_LEVEL = "-Onone";
			};
			name = Debug;
		};
		193741532F81DE7200BEC04F /* Release */ = {
			isa = XCBuildConfiguration;
			buildSettings = {
				ALWAYS_SEARCH_USER_PATHS = NO;
				ASSETCATALOG_COMPILER_GENERATE_SWIFT_ASSET_SYMBOL_EXTENSIONS = YES;
				CLANG_ANALYZER_NONNULL = YES;
				CLANG_ANALYZER_NUMBER_OBJECT_CONVERSION = YES_AGGRESSIVE;
				CLANG_CXX_LANGUAGE_STANDARD = "gnu++20";
				CLANG_ENABLE_MODULES = YES;
				CLANG_ENABLE_OBJC_ARC = YES;
				CLANG_ENABLE_OBJC_WEAK = YES;
				CLANG_WARN_BLOCK_CAPTURE_AUTORELEASING = YES;
				CLANG_WARN_BOOL_CONVERSION = YES;
				CLANG_WARN_COMMA = YES;
				CLANG_WARN_CONSTANT_CONVERSION = YES;
				CLANG_WARN_DEPRECATED_OBJC_IMPLEMENTATIONS = YES;
				CLANG_WARN_DIRECT_OBJC_ISA_USAGE = YES_ERROR;
				CLANG_WARN_DOCUMENTATION_COMMENTS = YES;
				CLANG_WARN_EMPTY_BODY = YES;
				CLANG_WARN_ENUM_CONVERSION = YES;
				CLANG_WARN_INFINITE_RECURSION = YES;
				CLANG_WARN_INT_CONVERSION = YES;
				CLANG_WARN_NON_LITERAL_NULL_CONVERSION = YES;
				CLANG_WARN_OBJC_IMPLICIT_RETAIN_SELF = YES;
				CLANG_WARN_OBJC_LITERAL_CONVERSION = YES;
				CLANG_WARN_OBJC_ROOT_CLASS = YES_ERROR;
				CLANG_WARN_QUOTED_INCLUDE_IN_FRAMEWORK_HEADER = YES;
				CLANG_WARN_RANGE_LOOP_ANALYSIS = YES;
				CLANG_WARN_STRICT_PROTOTYPES = YES;
				CLANG_WARN_SUSPICIOUS_MOVE = YES;
				CLANG_WARN_UNGUARDED_AVAILABILITY = YES_AGGRESSIVE;
				CLANG_WARN_UNREACHABLE_CODE = YES;
				CLANG_WARN__DUPLICATE_METHOD_MATCH = YES;
				COPY_PHASE_STRIP = NO;
				DEBUG_INFORMATION_FORMAT = "dwarf-with-dsym";
				DEVELOPMENT_TEAM = G946M8K23B;
				ENABLE_NS_ASSERTIONS = NO;
				ENABLE_STRICT_OBJC_MSGSEND = YES;
				ENABLE_USER_SCRIPT_SANDBOXING = YES;
				GCC_C_LANGUAGE_STANDARD = gnu17;
				GCC_NO_COMMON_BLOCKS = YES;
				GCC_WARN_64_TO_32_BIT_CONVERSION = YES;
				GCC_WARN_ABOUT_RETURN_TYPE = YES_ERROR;
				GCC_WARN_UNDECLARED_SELECTOR = YES;
				GCC_WARN_UNINITIALIZED_AUTOS = YES_AGGRESSIVE;
				GCC_WARN_UNUSED_FUNCTION = YES;
				GCC_WARN_UNUSED_VARIABLE = YES;
				LOCALIZATION_PREFERS_STRING_CATALOGS = YES;
				MACOSX_DEPLOYMENT_TARGET = 15.0;
				MTL_ENABLE_DEBUG_INFO = NO;
				MTL_FAST_MATH = YES;
				SDKROOT = macosx;
				SWIFT_COMPILATION_MODE = wholemodule;
			};
			name = Release;
		};
		193741552F81DE7200BEC04F /* Debug */ = {
			isa = XCBuildConfiguration;
			buildSettings = {
				ASSETCATALOG_COMPILER_APPICON_NAME = AppIcon;
				ASSETCATALOG_COMPILER_GLOBAL_ACCENT_COLOR_NAME = AccentColor;
				"CODE_SIGN_IDENTITY[sdk=macosx*]" = "-";
				CODE_SIGN_STYLE = Automatic;
				COMBINE_HIDPI_IMAGES = YES;
				CURRENT_PROJECT_VERSION = 1;
				DEVELOPMENT_TEAM = G946M8K23B;
				ENABLE_APP_SANDBOX = NO;
				ENABLE_HARDENED_RUNTIME = YES;
				ENABLE_PREVIEWS = YES;
				ENABLE_USER_SELECTED_FILES = readonly;
				GENERATE_INFOPLIST_FILE = NO;
				INFOPLIST_FILE = CotabbyInfo.plist;
				LD_RUNPATH_SEARCH_PATHS = (
					"$(inherited)",
					"@executable_path/../Frameworks",
				);
				MARKETING_VERSION = 1.0;
				PRODUCT_BUNDLE_IDENTIFIER = com.jacobfu.tabby;
				PRODUCT_NAME = "$(TARGET_NAME)";
				REGISTER_APP_GROUPS = YES;
				SPARKLE_PUBLIC_ED_KEY = "efJeZNfUISOs6npbxI2MLLe7sBB5tT/sVnTk9t/qBSY=";
				STRING_CATALOG_GENERATE_SYMBOLS = YES;
				SWIFT_APPROACHABLE_CONCURRENCY = YES;
				SWIFT_DEFAULT_ACTOR_ISOLATION = MainActor;
				SWIFT_EMIT_LOC_STRINGS = YES;
				SWIFT_OBJC_INTEROP_MODE = objcxx;
				SWIFT_UPCOMING_FEATURE_MEMBER_IMPORT_VISIBILITY = YES;
				SWIFT_VERSION = 5.0;
			};
			name = Debug;
		};
		193741562F81DE7200BEC04F /* Release */ = {
			isa = XCBuildConfiguration;
			buildSettings = {
				ASSETCATALOG_COMPILER_APPICON_NAME = AppIcon;
				ASSETCATALOG_COMPILER_GLOBAL_ACCENT_COLOR_NAME = AccentColor;
				"CODE_SIGN_IDENTITY[sdk=macosx*]" = "-";
				CODE_SIGN_STYLE = Automatic;
				COMBINE_HIDPI_IMAGES = YES;
				CURRENT_PROJECT_VERSION = 1;
				DEVELOPMENT_TEAM = G946M8K23B;
				ENABLE_APP_SANDBOX = NO;
				ENABLE_HARDENED_RUNTIME = YES;
				ENABLE_PREVIEWS = YES;
				ENABLE_USER_SELECTED_FILES = readonly;
				GENERATE_INFOPLIST_FILE = NO;
				INFOPLIST_FILE = CotabbyInfo.plist;
				LD_RUNPATH_SEARCH_PATHS = (
					"$(inherited)",
					"@executable_path/../Frameworks",
				);
				MARKETING_VERSION = 1.0;
				PRODUCT_BUNDLE_IDENTIFIER = com.jacobfu.tabby;
				PRODUCT_NAME = "$(TARGET_NAME)";
				REGISTER_APP_GROUPS = YES;
				SPARKLE_PUBLIC_ED_KEY = "efJeZNfUISOs6npbxI2MLLe7sBB5tT/sVnTk9t/qBSY=";
				STRING_CATALOG_GENERATE_SYMBOLS = YES;
				SWIFT_APPROACHABLE_CONCURRENCY = YES;
				SWIFT_DEFAULT_ACTOR_ISOLATION = MainActor;
				SWIFT_EMIT_LOC_STRINGS = YES;
				SWIFT_OBJC_INTEROP_MODE = objcxx;
				SWIFT_UPCOMING_FEATURE_MEMBER_IMPORT_VISIBILITY = YES;
				SWIFT_VERSION = 5.0;
			};
			name = Release;
		};
		6C6404C4557E1BE4CFCFFFEE /* Debug */ = {
			isa = XCBuildConfiguration;
			buildSettings = {
				BUNDLE_LOADER = "$(TEST_HOST)";
				CODE_SIGNING_ALLOWED = NO;
				CODE_SIGNING_REQUIRED = NO;
				CODE_SIGN_IDENTITY = "-";
				CODE_SIGN_STYLE = Automatic;
				GENERATE_INFOPLIST_FILE = YES;
				LD_RUNPATH_SEARCH_PATHS = (
					"$(inherited)",
					"@executable_path/../Frameworks",
					"@loader_path/../Frameworks",
				);
				MACOSX_DEPLOYMENT_TARGET = 15.0;
				PRODUCT_BUNDLE_IDENTIFIER = com.jacobfu.tabby.CotabbyTests;
				PRODUCT_MODULE_NAME = "$(TARGET_NAME)";
				PRODUCT_NAME = "$(TARGET_NAME)";
				SDKROOT = macosx;
				SWIFT_OBJC_INTEROP_MODE = objcxx;
				SWIFT_VERSION = 5.0;
				TEST_HOST = "$(BUILT_PRODUCTS_DIR)/Cotabby.app/Contents/MacOS/Cotabby";
			};
			name = Debug;
		};
		DBAA9C9A1F8C6DEB2FA61301 /* Release */ = {
			isa = XCBuildConfiguration;
			buildSettings = {
				BUNDLE_LOADER = "$(TEST_HOST)";
				CODE_SIGNING_ALLOWED = NO;
				CODE_SIGNING_REQUIRED = NO;
				CODE_SIGN_IDENTITY = "-";
				CODE_SIGN_STYLE = Automatic;
				GENERATE_INFOPLIST_FILE = YES;
				LD_RUNPATH_SEARCH_PATHS = (
					"$(inherited)",
					"@executable_path/../Frameworks",
					"@loader_path/../Frameworks",
				);
				MACOSX_DEPLOYMENT_TARGET = 15.0;
				PRODUCT_BUNDLE_IDENTIFIER = com.jacobfu.tabby.CotabbyTests;
				PRODUCT_MODULE_NAME = "$(TARGET_NAME)";
				PRODUCT_NAME = "$(TARGET_NAME)";
				SDKROOT = macosx;
				SWIFT_OBJC_INTEROP_MODE = objcxx;
				SWIFT_VERSION = 5.0;
				TEST_HOST = "$(BUILT_PRODUCTS_DIR)/Cotabby.app/Contents/MacOS/Cotabby";
			};
			name = Release;
		};
/* End XCBuildConfiguration section */

/* Begin XCConfigurationList section */
		193741442F81DE7000BEC04F /* Build configuration list for PBXProject "Cotabby" */ = {
			isa = XCConfigurationList;
			buildConfigurations = (
				193741522F81DE7200BEC04F /* Debug */,
				193741532F81DE7200BEC04F /* Release */,
			);
			defaultConfigurationIsVisible = 0;
			defaultConfigurationName = Release;
		};
		193741542F81DE7200BEC04F /* Build configuration list for PBXNativeTarget "Cotabby" */ = {
			isa = XCConfigurationList;
			buildConfigurations = (
				193741552F81DE7200BEC04F /* Debug */,
				193741562F81DE7200BEC04F /* Release */,
			);
			defaultConfigurationIsVisible = 0;
			defaultConfigurationName = Release;
		};
		C2F70348176E20D09A554097 /* Build configuration list for PBXNativeTarget "CotabbyTests" */ = {
			isa = XCConfigurationList;
			buildConfigurations = (
				DBAA9C9A1F8C6DEB2FA61301 /* Release */,
				6C6404C4557E1BE4CFCFFFEE /* Debug */,
			);
			defaultConfigurationIsVisible = 0;
			defaultConfigurationName = Release;
		};
/* End XCConfigurationList section */

/* Begin XCRemoteSwiftPackageReference section */
		194B33B12FC3F33B00DF6F60 /* XCRemoteSwiftPackageReference "swift-log" */ = {
			isa = XCRemoteSwiftPackageReference;
			repositoryURL = "https://github.com/apple/swift-log.git";
			requirement = {
				kind = upToNextMajorVersion;
				minimumVersion = 1.12.1;
			};
		};
		19E177E82FC1B7890067E267 /* XCRemoteSwiftPackageReference "cotabbyinference" */ = {
			isa = XCRemoteSwiftPackageReference;
			repositoryURL = "https://github.com/FuJacob/cotabbyinference.git";
			requirement = {
				branch = main;
				kind = branch;
			};
		};
		A1C3E0122F90000100AAA001 /* XCRemoteSwiftPackageReference "Sparkle" */ = {
			isa = XCRemoteSwiftPackageReference;
			repositoryURL = "https://github.com/sparkle-project/Sparkle";
			requirement = {
				kind = exactVersion;
				version = 2.9.1;
			};
		};
/* End XCRemoteSwiftPackageReference section */

/* Begin XCSwiftPackageProductDependency section */
		194B33B22FC3F33B00DF6F60 /* InMemoryLogging */ = {
			isa = XCSwiftPackageProductDependency;
			package = 194B33B12FC3F33B00DF6F60 /* XCRemoteSwiftPackageReference "swift-log" */;
			productName = InMemoryLogging;
		};
		194B33B42FC3F33B00DF6F60 /* Logging */ = {
			isa = XCSwiftPackageProductDependency;
			package = 194B33B12FC3F33B00DF6F60 /* XCRemoteSwiftPackageReference "swift-log" */;
			productName = Logging;
		};
		19E177E92FC1B7890067E267 /* CotabbyInference */ = {
			isa = XCSwiftPackageProductDependency;
			package = 19E177E82FC1B7890067E267 /* XCRemoteSwiftPackageReference "cotabbyinference" */;
			productName = CotabbyInference;
		};
		A1C3E0102F90000100AAA001 /* Sparkle */ = {
			isa = XCSwiftPackageProductDependency;
			package = A1C3E0122F90000100AAA001 /* XCRemoteSwiftPackageReference "Sparkle" */;
			productName = Sparkle;
		};
/* End XCSwiftPackageProductDependency section */
	};
	rootObject = 193741412F81DE7000BEC04F /* Project object */;
}
