{
  "originHash" : "4668c515093e812763c91a7febbb465c9f0ae14ec31b6d42bddd0119f76238fb",
  "pins" : [
    {
      "identity" : "llama.swift",
      "kind" : "remoteSourceControl",
      "location" : "https://github.com/mattt/llama.swift",
      "state" : {
        "revision" : "07261d8a4a89088ad1c50490699d97bd1430c861",
        "version" : "2.8665.0"
      }
    },
    {
      "identity" : "sparkle",
      "kind" : "remoteSourceControl",
      "location" : "https://github.com/sparkle-project/Sparkle",
      "state" : {
        "revision" : "066e75a8b3e99962685d6a90cdd5293ebffd9261",
        "version" : "2.9.1"
      }
    },
    {
      "identity" : "swift-log",
      "kind" : "remoteSourceControl",
      "location" : "https://github.com/apple/swift-log.git",
      "state" : {
        "revision" : "a012e0ad8a8a72de92b0e008c81a9b793f70e73a",
        "version" : "1.12.1"
      }
    }
  ],
  "version" : 3
}
